// !$*UTF8*$!
{
	archiveVersion = 1;
	classes = {
	};
	objectVersion = 46;
	objects = {

/* Begin PBXBuildFile section */
		CB3173211E94E1BA001E6998 /* libAlgorithms.a in Frameworks */ = {isa = PBXBuildFile; fileRef = CB3172FE1E94DE1A001E6998 /* libAlgorithms.a */; };
		CB3173221E94E1E0001E6998 /* main.c in Sources */ = {isa = PBXBuildFile; fileRef = CB3172E01E94DD89001E6998 /* main.c */; };
		CB9EA9171EA5F4DD00D9C05E /* libAlgorithms.a in Frameworks */ = {isa = PBXBuildFile; fileRef = CB3172FE1E94DE1A001E6998 /* libAlgorithms.a */; };
		CB9EA91D1EA5F50000D9C05E /* main.c in Sources */ = {isa = PBXBuildFile; fileRef = CB9EA9101EA5F4D500D9C05E /* main.c */; };
/* End PBXBuildFile section */

/* Begin PBXContainerItemProxy section */
		CB3172FD1E94DE1A001E6998 /* PBXContainerItemProxy */ = {
			isa = PBXContainerItemProxy;
			containerPortal = CB3172F91E94DE1A001E6998 /* Algorithms.xcodeproj */;
			proxyType = 2;
			remoteGlobalIDString = CB3172F01E94DDDB001E6998;
			remoteInfo = Algorithms;
		};
		CB31731F1E94E1B6001E6998 /* PBXContainerItemProxy */ = {
			isa = PBXContainerItemProxy;
			containerPortal = CB3172F91E94DE1A001E6998 /* Algorithms.xcodeproj */;
			proxyType = 1;
			remoteGlobalIDString = CB3172EF1E94DDDB001E6998;
			remoteInfo = Algorithms;
		};
		CB9EA9131EA5F4DD00D9C05E /* PBXContainerItemProxy */ = {
			isa = PBXContainerItemProxy;
			containerPortal = CB3172F91E94DE1A001E6998 /* Algorithms.xcodeproj */;
			proxyType = 1;
			remoteGlobalIDString = CB3172EF1E94DDDB001E6998;
			remoteInfo = Algorithms;
		};
/* End PBXContainerItemProxy section */

/* Begin PBXCopyFilesBuildPhase section */
		CB3173051E94E056001E6998 /* CopyFiles */ = {
			isa = PBXCopyFilesBuildPhase;
			buildActionMask = 2147483647;
			dstPath = /usr/share/man/man1/;
			dstSubfolderSpec = 0;
			files = (
			);
			runOnlyForDeploymentPostprocessing = 1;
		};
		CB9EA9181EA5F4DD00D9C05E /* CopyFiles */ = {
			isa = PBXCopyFilesBuildPhase;
			buildActionMask = 2147483647;
			dstPath = /usr/share/man/man1/;
			dstSubfolderSpec = 0;
			files = (
			);
			runOnlyForDeploymentPostprocessing = 1;
		};
/* End PBXCopyFilesBuildPhase section */

/* Begin PBXFileReference section */
		CB3172E01E94DD89001E6998 /* main.c */ = {isa = PBXFileReference; lastKnownFileType = sourcecode.c.c; path = main.c; sourceTree = "<group>"; };
		CB3172F91E94DE1A001E6998 /* Algorithms.xcodeproj */ = {isa = PBXFileReference; lastKnownFileType = "wrapper.pb-project"; path = Algorithms.xcodeproj; sourceTree = "<group>"; };
		CB3173071E94E056001E6998 /* Template */ = {isa = PBXFileReference; explicitFileType = "compiled.mach-o.executable"; includeInIndex = 0; path = Template; sourceTree = BUILT_PRODUCTS_DIR; };
		CB9EA9101EA5F4D500D9C05E /* main.c */ = {isa = PBXFileReference; lastKnownFileType = sourcecode.c.c; path = main.c; sourceTree = "<group>"; };
		CB9EA91C1EA5F4DD00D9C05E /* C05-List */ = {isa = PBXFileReference; explicitFileType = "compiled.mach-o.executable"; includeInIndex = 0; path = "C05-List"; sourceTree = BUILT_PRODUCTS_DIR; };
/* End PBXFileReference section */

/* Begin PBXFrameworksBuildPhase section */
		CB3173041E94E056001E6998 /* Frameworks */ = {
			isa = PBXFrameworksBuildPhase;
			buildActionMask = 2147483647;
			files = (
				CB3173211E94E1BA001E6998 /* libAlgorithms.a in Frameworks */,
			);
			runOnlyForDeploymentPostprocessing = 0;
		};
		CB9EA9161EA5F4DD00D9C05E /* Frameworks */ = {
			isa = PBXFrameworksBuildPhase;
			buildActionMask = 2147483647;
			files = (
				CB9EA9171EA5F4DD00D9C05E /* libAlgorithms.a in Frameworks */,
			);
			runOnlyForDeploymentPostprocessing = 0;
		};
/* End PBXFrameworksBuildPhase section */

/* Begin PBXGroup section */
		CB3172D41E94DD89001E6998 = {
			isa = PBXGroup;
			children = (
				CB3172F91E94DE1A001E6998 /* Algorithms.xcodeproj */,
				CB3172DF1E94DD89001E6998 /* Example */,
				CB3172DE1E94DD89001E6998 /* Products */,
			);
			sourceTree = "<group>";
		};
		CB3172DE1E94DD89001E6998 /* Products */ = {
			isa = PBXGroup;
			children = (
				CB3173071E94E056001E6998 /* Template */,
				CB9EA91C1EA5F4DD00D9C05E /* C05-List */,
			);
			name = Products;
			sourceTree = "<group>";
		};
		CB3172DF1E94DD89001E6998 /* Example */ = {
			isa = PBXGroup;
			children = (
				CB9EA90F1EA5F4BA00D9C05E /* list */,
				CB3172E01E94DD89001E6998 /* main.c */,
			);
			path = Example;
			sourceTree = "<group>";
		};
		CB3172FA1E94DE1A001E6998 /* Products */ = {
			isa = PBXGroup;
			children = (
				CB3172FE1E94DE1A001E6998 /* libAlgorithms.a */,
			);
			name = Products;
			sourceTree = "<group>";
		};
		CB9EA90F1EA5F4BA00D9C05E /* list */ = {
			isa = PBXGroup;
			children = (
				CB9EA9101EA5F4D500D9C05E /* main.c */,
			);
			path = list;
			sourceTree = "<group>";
		};
/* End PBXGroup section */

/* Begin PBXNativeTarget section */
		CB3173061E94E056001E6998 /* Template */ = {
			isa = PBXNativeTarget;
			buildConfigurationList = CB31730B1E94E056001E6998 /* Build configuration list for PBXNativeTarget "Template" */;
			buildPhases = (
				CB3173031E94E056001E6998 /* Sources */,
				CB3173041E94E056001E6998 /* Frameworks */,
				CB3173051E94E056001E6998 /* CopyFiles */,
			);
			buildRules = (
			);
			dependencies = (
				CB3173201E94E1B6001E6998 /* PBXTargetDependency */,
			);
			name = Template;
			productName = Template;
			productReference = CB3173071E94E056001E6998 /* Template */;
			productType = "com.apple.product-type.tool";
		};
		CB9EA9111EA5F4DD00D9C05E /* C05-List */ = {
			isa = PBXNativeTarget;
			buildConfigurationList = CB9EA9191EA5F4DD00D9C05E /* Build configuration list for PBXNativeTarget "C05-List" */;
			buildPhases = (
				CB9EA9141EA5F4DD00D9C05E /* Sources */,
				CB9EA9161EA5F4DD00D9C05E /* Frameworks */,
				CB9EA9181EA5F4DD00D9C05E /* CopyFiles */,
			);
			buildRules = (
			);
			dependencies = (
				CB9EA9121EA5F4DD00D9C05E /* PBXTargetDependency */,
			);
			name = "C05-List";
			productName = Template;
			productReference = CB9EA91C1EA5F4DD00D9C05E /* C05-List */;
			productType = "com.apple.product-type.tool";
		};
/* End PBXNativeTarget section */

/* Begin PBXProject section */
		CB3172D51E94DD89001E6998 /* Project object */ = {
			isa = PBXProject;
			attributes = {
				LastUpgradeCheck = 0830;
				ORGANIZATIONNAME = Yourtion;
				TargetAttributes = {
					CB3173061E94E056001E6998 = {
						CreatedOnToolsVersion = 8.3;
						ProvisioningStyle = Automatic;
					};
				};
			};
			buildConfigurationList = CB3172D81E94DD89001E6998 /* Build configuration list for PBXProject "MasteringAlgorithms" */;
			compatibilityVersion = "Xcode 3.2";
			developmentRegion = English;
			hasScannedForEncodings = 0;
			knownRegions = (
				en,
			);
			mainGroup = CB3172D41E94DD89001E6998;
			productRefGroup = CB3172DE1E94DD89001E6998 /* Products */;
			projectDirPath = "";
			projectReferences = (
				{
					ProductGroup = CB3172FA1E94DE1A001E6998 /* Products */;
					ProjectRef = CB3172F91E94DE1A001E6998 /* Algorithms.xcodeproj */;
				},
			);
			projectRoot = "";
			targets = (
				CB3173061E94E056001E6998 /* Template */,
				CB9EA9111EA5F4DD00D9C05E /* C05-List */,
			);
		};
/* End PBXProject section */

/* Begin PBXReferenceProxy section */
		CB3172FE1E94DE1A001E6998 /* libAlgorithms.a */ = {
			isa = PBXReferenceProxy;
			fileType = archive.ar;
			path = libAlgorithms.a;
			remoteRef = CB3172FD1E94DE1A001E6998 /* PBXContainerItemProxy */;
			sourceTree = BUILT_PRODUCTS_DIR;
		};
/* End PBXReferenceProxy section */

/* Begin PBXSourcesBuildPhase section */
		CB3173031E94E056001E6998 /* Sources */ = {
			isa = PBXSourcesBuildPhase;
			buildActionMask = 2147483647;
			files = (
				CB3173221E94E1E0001E6998 /* main.c in Sources */,
			);
			runOnlyForDeploymentPostprocessing = 0;
		};
		CB9EA9141EA5F4DD00D9C05E /* Sources */ = {
			isa = PBXSourcesBuildPhase;
			buildActionMask = 2147483647;
			files = (
				CB9EA91D1EA5F50000D9C05E /* main.c in Sources */,
			);
			runOnlyForDeploymentPostprocessing = 0;
		};
/* End PBXSourcesBuildPhase section */

/* Begin PBXTargetDependency section */
		CB3173201E94E1B6001E6998 /* PBXTargetDependency */ = {
			isa = PBXTargetDependency;
			name = Algorithms;
			targetProxy = CB31731F1E94E1B6001E6998 /* PBXContainerItemProxy */;
		};
		CB9EA9121EA5F4DD00D9C05E /* PBXTargetDependency */ = {
			isa = PBXTargetDependency;
			name = Algorithms;
			targetProxy = CB9EA9131EA5F4DD00D9C05E /* PBXContainerItemProxy */;
		};
/* End PBXTargetDependency section */

/* Begin XCBuildConfiguration section */
		CB3172E21E94DD89001E6998 /* Debug */ = {
			isa = XCBuildConfiguration;
			buildSettings = {
				ALWAYS_SEARCH_USER_PATHS = NO;
				CLANG_ANALYZER_NONNULL = YES;
				CLANG_ANALYZER_NUMBER_OBJECT_CONVERSION = YES_AGGRESSIVE;
				CLANG_CXX_LANGUAGE_STANDARD = "gnu++0x";
				CLANG_CXX_LIBRARY = "libc++";
				CLANG_ENABLE_MODULES = YES;
				CLANG_ENABLE_OBJC_ARC = YES;
				CLANG_WARN_BOOL_CONVERSION = YES;
				CLANG_WARN_CONSTANT_CONVERSION = YES;
				CLANG_WARN_DIRECT_OBJC_ISA_USAGE = YES_ERROR;
				CLANG_WARN_DOCUMENTATION_COMMENTS = YES;
				CLANG_WARN_EMPTY_BODY = YES;
				CLANG_WARN_ENUM_CONVERSION = YES;
				CLANG_WARN_INFINITE_RECURSION = YES;
				CLANG_WARN_INT_CONVERSION = YES;
				CLANG_WARN_OBJC_ROOT_CLASS = YES_ERROR;
				CLANG_WARN_SUSPICIOUS_MOVE = YES;
				CLANG_WARN_UNREACHABLE_CODE = YES;
				CLANG_WARN__DUPLICATE_METHOD_MATCH = YES;
				CODE_SIGN_IDENTITY = "-";
				COPY_PHASE_STRIP = NO;
				DEBUG_INFORMATION_FORMAT = dwarf;
				ENABLE_STRICT_OBJC_MSGSEND = YES;
				ENABLE_TESTABILITY = YES;
				GCC_C_LANGUAGE_STANDARD = gnu99;
				GCC_DYNAMIC_NO_PIC = NO;
				GCC_NO_COMMON_BLOCKS = YES;
				GCC_OPTIMIZATION_LEVEL = 0;
				GCC_PREPROCESSOR_DEFINITIONS = (
					"DEBUG=1",
					"$(inherited)",
				);
				GCC_WARN_64_TO_32_BIT_CONVERSION = YES;
				GCC_WARN_ABOUT_RETURN_TYPE = YES_ERROR;
				GCC_WARN_UNDECLARED_SELECTOR = YES;
				GCC_WARN_UNINITIALIZED_AUTOS = YES_AGGRESSIVE;
				GCC_WARN_UNUSED_FUNCTION = YES;
				GCC_WARN_UNUSED_VARIABLE = YES;
				MACOSX_DEPLOYMENT_TARGET = 10.12;
				MTL_ENABLE_DEBUG_INFO = YES;
				ONLY_ACTIVE_ARCH = YES;
				SDKROOT = macosx;
			};
			name = Debug;
		};
		CB3172E31E94DD89001E6998 /* Release */ = {
			isa = XCBuildConfiguration;
			buildSettings = {
				ALWAYS_SEARCH_USER_PATHS = NO;
				CLANG_ANALYZER_NONNULL = YES;
				CLANG_ANALYZER_NUMBER_OBJECT_CONVERSION = YES_AGGRESSIVE;
				CLANG_CXX_LANGUAGE_STANDARD = "gnu++0x";
				CLANG_CXX_LIBRARY = "libc++";
				CLANG_ENABLE_MODULES = YES;
				CLANG_ENABLE_OBJC_ARC = YES;
				CLANG_WARN_BOOL_CONVERSION = YES;
				CLANG_WARN_CONSTANT_CONVERSION = YES;
				CLANG_WARN_DIRECT_OBJC_ISA_USAGE = YES_ERROR;
				CLANG_WARN_DOCUMENTATION_COMMENTS = YES;
				CLANG_WARN_EMPTY_BODY = YES;
				CLANG_WARN_ENUM_CONVERSION = YES;
				CLANG_WARN_INFINITE_RECURSION = YES;
				CLANG_WARN_INT_CONVERSION = YES;
				CLANG_WARN_OBJC_ROOT_CLASS = YES_ERROR;
				CLANG_WARN_SUSPICIOUS_MOVE = YES;
				CLANG_WARN_UNREACHABLE_CODE = YES;
				CLANG_WARN__DUPLICATE_METHOD_MATCH = YES;
				CODE_SIGN_IDENTITY = "-";
				COPY_PHASE_STRIP = NO;
				DEBUG_INFORMATION_FORMAT = "dwarf-with-dsym";
				ENABLE_NS_ASSERTIONS = NO;
				ENABLE_STRICT_OBJC_MSGSEND = YES;
				GCC_C_LANGUAGE_STANDARD = gnu99;
				GCC_NO_COMMON_BLOCKS = YES;
				GCC_WARN_64_TO_32_BIT_CONVERSION = YES;
				GCC_WARN_ABOUT_RETURN_TYPE = YES_ERROR;
				GCC_WARN_UNDECLARED_SELECTOR = YES;
				GCC_WARN_UNINITIALIZED_AUTOS = YES_AGGRESSIVE;
				GCC_WARN_UNUSED_FUNCTION = YES;
				GCC_WARN_UNUSED_VARIABLE = YES;
				MACOSX_DEPLOYMENT_TARGET = 10.12;
				MTL_ENABLE_DEBUG_INFO = NO;
				SDKROOT = macosx;
			};
			name = Release;
		};
		CB31730C1E94E056001E6998 /* Debug */ = {
			isa = XCBuildConfiguration;
			buildSettings = {
				PRODUCT_NAME = "$(TARGET_NAME)";
				USER_HEADER_SEARCH_PATHS = "$(SRCROOT)/include";
			};
			name = Debug;
		};
		CB31730D1E94E056001E6998 /* Release */ = {
			isa = XCBuildConfiguration;
			buildSettings = {
				PRODUCT_NAME = "$(TARGET_NAME)";
				USER_HEADER_SEARCH_PATHS = "$(SRCROOT)/include";
			};
			name = Release;
		};
		CB9EA91A1EA5F4DD00D9C05E /* Debug */ = {
			isa = XCBuildConfiguration;
			buildSettings = {
				PRODUCT_NAME = "$(TARGET_NAME)";
				USER_HEADER_SEARCH_PATHS = "$(SRCROOT)/include";
			};
			name = Debug;
		};
		CB9EA91B1EA5F4DD00D9C05E /* Release */ = {
			isa = XCBuildConfiguration;
			buildSettings = {
				PRODUCT_NAME = "$(TARGET_NAME)";
				USER_HEADER_SEARCH_PATHS = "$(SRCROOT)/include";
			};
			name = Release;
		};
/* End XCBuildConfiguration section */

/* Begin XCConfigurationList section */
		CB3172D81E94DD89001E6998 /* Build configuration list for PBXProject "MasteringAlgorithms" */ = {
			isa = XCConfigurationList;
			buildConfigurations = (
				CB3172E21E94DD89001E6998 /* Debug */,
				CB3172E31E94DD89001E6998 /* Release */,
			);
			defaultConfigurationIsVisible = 0;
			defaultConfigurationName = Release;
		};
		CB31730B1E94E056001E6998 /* Build configuration list for PBXNativeTarget "Template" */ = {
			isa = XCConfigurationList;
			buildConfigurations = (
				CB31730C1E94E056001E6998 /* Debug */,
				CB31730D1E94E056001E6998 /* Release */,
			);
			defaultConfigurationIsVisible = 0;
			defaultConfigurationName = Release;
		};
		CB9EA9191EA5F4DD00D9C05E /* Build configuration list for PBXNativeTarget "C05-List" */ = {
			isa = XCConfigurationList;
			buildConfigurations = (
				CB9EA91A1EA5F4DD00D9C05E /* Debug */,
				CB9EA91B1EA5F4DD00D9C05E /* Release */,
			);
			defaultConfigurationIsVisible = 0;
			defaultConfigurationName = Release;
		};
/* End XCConfigurationList section */
	};
	rootObject = CB3172D51E94DD89001E6998 /* Project object */;
}
